
Microsoft Visual Studio Solution File, Format Version 12.00
# Visual Studio Version 17
VisualStudioVersion = 17.0.31919.166
MinimumVisualStudioVersion = 10.0.40219.1
Project("{9A19103F-16F7-4668-BE54-9A1E7A4F7556}") = "Utilities", "Utilities\Utilities.csproj", "{A6A7630B-AF81-4642-B46A-59711EFC183A}"
EndProject
Project("{9A19103F-16F7-4668-BE54-9A1E7A4F7556}") = "Domains", "Domains\Domains.csproj", "{1358DBE6-9D1C-4298-821E-C87759D1DB6B}"
EndProject
Project("{9A19103F-16F7-4668-BE54-9A1E7A4F7556}") = "DataAccess", "DataAccess\DataAccess.csproj", "{773D5713-0807-41CD-A4F3-323C41434537}"
EndProject
Project("{9A19103F-16F7-4668-BE54-9A1E7A4F7556}") = "Application", "Application\Application.csproj", "{6854F83C-18A5-4CBC-9D95-46A9CBEFADDD}"
EndProject
Project("{9A19103F-16F7-4668-BE54-9A1E7A4F7556}") = "WebApi", "WebApi\WebApi.csproj", "{40343A80-B5A1-438A-9C54-6CF42E300A00}"
EndProject
Project("{FAE04EC0-301F-11D3-BF4B-00C04F79EFBC}") = "Contracts", "Contracts\Contracts.csproj", "{6F1D17FF-E88D-48EF-AC00-841F28D8D7D1}"
EndProject
Global
	GlobalSection(SolutionConfigurationPlatforms) = preSolution
		Debug|Any CPU = Debug|Any CPU
		Release|Any CPU = Release|Any CPU
	EndGlobalSection
	GlobalSection(ProjectConfigurationPlatforms) = postSolution
		{A6A7630B-AF81-4642-B46A-59711EFC183A}.Debug|Any CPU.ActiveCfg = Debug|Any CPU
		{A6A7630B-AF81-4642-B46A-59711EFC183A}.Debug|Any CPU.Build.0 = Debug|Any CPU
		{A6A7630B-AF81-4642-B46A-59711EFC183A}.Release|Any CPU.ActiveCfg = Release|Any CPU
		{A6A7630B-AF81-4642-B46A-59711EFC183A}.Release|Any CPU.Build.0 = Release|Any CPU
		{1358DBE6-9D1C-4298-821E-C87759D1DB6B}.Debug|Any CPU.ActiveCfg = Debug|Any CPU
		{1358DBE6-9D1C-4298-821E-C87759D1DB6B}.Debug|Any CPU.Build.0 = Debug|Any CPU
		{1358DBE6-9D1C-4298-821E-C87759D1DB6B}.Release|Any CPU.ActiveCfg = Release|Any CPU
		{1358DBE6-9D1C-4298-821E-C87759D1DB6B}.Release|Any CPU.Build.0 = Release|Any CPU
		{773D5713-0807-41CD-A4F3-323C41434537}.Debug|Any CPU.ActiveCfg = Debug|Any CPU
		{773D5713-0807-41CD-A4F3-323C41434537}.Debug|Any CPU.Build.0 = Debug|Any CPU
		{773D5713-0807-41CD-A4F3-323C41434537}.Release|Any CPU.ActiveCfg = Release|Any CPU
		{773D5713-0807-41CD-A4F3-323C41434537}.Release|Any CPU.Build.0 = Release|Any CPU
		{6854F83C-18A5-4CBC-9D95-46A9CBEFADDD}.Debug|Any CPU.ActiveCfg = Debug|Any CPU
		{6854F83C-18A5-4CBC-9D95-46A9CBEFADDD}.Debug|Any CPU.Build.0 = Debug|Any CPU
		{6854F83C-18A5-4CBC-9D95-46A9CBEFADDD}.Release|Any CPU.ActiveCfg = Release|Any CPU
		{6854F83C-18A5-4CBC-9D95-46A9CBEFADDD}.Release|Any CPU.Build.0 = Release|Any CPU
		{40343A80-B5A1-438A-9C54-6CF42E300A00}.Debug|Any CPU.ActiveCfg = Debug|Any CPU
		{40343A80-B5A1-438A-9C54-6CF42E300A00}.Debug|Any CPU.Build.0 = Debug|Any CPU
		{40343A80-B5A1-438A-9C54-6CF42E300A00}.Release|Any CPU.ActiveCfg = Release|Any CPU
		{40343A80-B5A1-438A-9C54-6CF42E300A00}.Release|Any CPU.Build.0 = Release|Any CPU
		{6F1D17FF-E88D-48EF-AC00-841F28D8D7D1}.Debug|Any CPU.ActiveCfg = Debug|Any CPU
		{6F1D17FF-E88D-48EF-AC00-841F28D8D7D1}.Debug|Any CPU.Build.0 = Debug|Any CPU
		{6F1D17FF-E88D-48EF-AC00-841F28D8D7D1}.Release|Any CPU.ActiveCfg = Release|Any CPU
		{6F1D17FF-E88D-48EF-AC00-841F28D8D7D1}.Release|Any CPU.Build.0 = Release|Any CPU
	EndGlobalSection
	GlobalSection(SolutionProperties) = preSolution
		HideSolutionNode = FALSE
	EndGlobalSection
	GlobalSection(ExtensibilityGlobals) = postSolution
		SolutionGuid = {C5CF817F-0BEA-478A-B970-CBA61685B93C}
	EndGlobalSection
EndGlobal
